// !$*UTF8*$!
{
	archiveVersion = 1;
	classes = {
	};
	objectVersion = 46;
	objects = {

/* Begin PBXBuildFile section */
		ABA2EAA219F1520800002248 /* main.m in Sources */ = {isa = PBXBuildFile; fileRef = ABA2EAA119F1520800002248 /* main.m */; };
		ABA2EAA519F1520800002248 /* AppDelegate.m in Sources */ = {isa = PBXBuildFile; fileRef = ABA2EAA419F1520800002248 /* AppDelegate.m */; };
		ABA2EAA819F1520800002248 /* ViewController.m in Sources */ = {isa = PBXBuildFile; fileRef = ABA2EAA719F1520800002248 /* ViewController.m */; };
		ABA2EAAB19F1520800002248 /* Main.storyboard in Resources */ = {isa = PBXBuildFile; fileRef = ABA2EAA919F1520800002248 /* Main.storyboard */; };
		ABA2EAAD19F1520800002248 /* Images.xcassets in Resources */ = {isa = PBXBuildFile; fileRef = ABA2EAAC19F1520800002248 /* Images.xcassets */; };
		ABA2EAB019F1520800002248 /* LaunchScreen.xib in Resources */ = {isa = PBXBuildFile; fileRef = ABA2EAAE19F1520800002248 /* LaunchScreen.xib */; };
		ABA2EABC19F1520800002248 /* ParseFunctionalitiesTests.m in Sources */ = {isa = PBXBuildFile; fileRef = ABA2EABB19F1520800002248 /* ParseFunctionalitiesTests.m */; };
		ABA2EADC19F1531A00002248 /* AudioToolbox.framework in Frameworks */ = {isa = PBXBuildFile; fileRef = ABA2EAC719F152A000002248 /* AudioToolbox.framework */; };
		ABA2EADD19F1531A00002248 /* CFNetwork.framework in Frameworks */ = {isa = PBXBuildFile; fileRef = ABA2EAC819F152A000002248 /* CFNetwork.framework */; };
		ABA2EADE19F1531A00002248 /* CoreGraphics.framework in Frameworks */ = {isa = PBXBuildFile; fileRef = ABA2EAC919F152A000002248 /* CoreGraphics.framework */; };
		ABA2EADF19F1531A00002248 /* CoreLocation.framework in Frameworks */ = {isa = PBXBuildFile; fileRef = ABA2EACA19F152A000002248 /* CoreLocation.framework */; };
		ABA2EAE019F1531A00002248 /* libz.dylib in Frameworks */ = {isa = PBXBuildFile; fileRef = ABA2EACB19F152A000002248 /* libz.dylib */; };
		ABA2EAE119F1531A00002248 /* MobileCoreServices.framework in Frameworks */ = {isa = PBXBuildFile; fileRef = ABA2EACC19F152A000002248 /* MobileCoreServices.framework */; };
		ABA2EAE219F1531A00002248 /* QuartzCore.framework in Frameworks */ = {isa = PBXBuildFile; fileRef = ABA2EACD19F152A000002248 /* QuartzCore.framework */; };
		ABA2EAE319F1531A00002248 /* Security.framework in Frameworks */ = {isa = PBXBuildFile; fileRef = ABA2EACE19F152A000002248 /* Security.framework */; };
		ABA2EAE419F1531A00002248 /* StoreKit.framework in Frameworks */ = {isa = PBXBuildFile; fileRef = ABA2EACF19F152A000002248 /* StoreKit.framework */; };
		ABA2EAE519F1531A00002248 /* SystemConfiguration.framework in Frameworks */ = {isa = PBXBuildFile; fileRef = ABA2EAD019F152A000002248 /* SystemConfiguration.framework */; };
		ABA2EAE619F1531A00002248 /* Parse.framework in Frameworks */ = {isa = PBXBuildFile; fileRef = ABA2EAC519F1522300002248 /* Parse.framework */; };
		ABA2EAE819F153D100002248 /* Bolts.framework in Frameworks */ = {isa = PBXBuildFile; fileRef = ABA2EAE719F153D100002248 /* Bolts.framework */; };
		ABCC773B19F1739300C94919 /* LoginViewController.m in Sources */ = {isa = PBXBuildFile; fileRef = ABCC773A19F1739300C94919 /* LoginViewController.m */; };
		ABCC773E19F1815800C94919 /* SignUpViewController.m in Sources */ = {isa = PBXBuildFile; fileRef = ABCC773D19F1815800C94919 /* SignUpViewController.m */; };
		ABCC774019F1820800C94919 /* placeholder.png in Resources */ = {isa = PBXBuildFile; fileRef = ABCC773F19F1820800C94919 /* placeholder.png */; };
/* End PBXBuildFile section */

/* Begin PBXContainerItemProxy section */
		ABA2EAB619F1520800002248 /* PBXContainerItemProxy */ = {
			isa = PBXContainerItemProxy;
			containerPortal = ABA2EA9419F1520800002248 /* Project object */;
			proxyType = 1;
			remoteGlobalIDString = ABA2EA9B19F1520800002248;
			remoteInfo = ParseFunctionalities;
		};
/* End PBXContainerItemProxy section */

/* Begin PBXFileReference section */
		ABA2EA9C19F1520800002248 /* ParseFunctionalities.app */ = {isa = PBXFileReference; explicitFileType = wrapper.application; includeInIndex = 0; path = ParseFunctionalities.app; sourceTree = BUILT_PRODUCTS_DIR; };
		ABA2EAA019F1520800002248 /* Info.plist */ = {isa = PBXFileReference; lastKnownFileType = text.plist.xml; path = Info.plist; sourceTree = "<group>"; };
		ABA2EAA119F1520800002248 /* main.m */ = {isa = PBXFileReference; lastKnownFileType = sourcecode.c.objc; path = main.m; sourceTree = "<group>"; };
		ABA2EAA319F1520800002248 /* AppDelegate.h */ = {isa = PBXFileReference; lastKnownFileType = sourcecode.c.h; path = AppDelegate.h; sourceTree = "<group>"; };
		ABA2EAA419F1520800002248 /* AppDelegate.m */ = {isa = PBXFileReference; lastKnownFileType = sourcecode.c.objc; path = AppDelegate.m; sourceTree = "<group>"; };
		ABA2EAA619F1520800002248 /* ViewController.h */ = {isa = PBXFileReference; lastKnownFileType = sourcecode.c.h; path = ViewController.h; sourceTree = "<group>"; };
		ABA2EAA719F1520800002248 /* ViewController.m */ = {isa = PBXFileReference; lastKnownFileType = sourcecode.c.objc; path = ViewController.m; sourceTree = "<group>"; };
		ABA2EAAA19F1520800002248 /* Base */ = {isa = PBXFileReference; lastKnownFileType = file.storyboard; name = Base; path = Base.lproj/Main.storyboard; sourceTree = "<group>"; };
		ABA2EAAC19F1520800002248 /* Images.xcassets */ = {isa = PBXFileReference; lastKnownFileType = folder.assetcatalog; path = Images.xcassets; sourceTree = "<group>"; };
		ABA2EAAF19F1520800002248 /* Base */ = {isa = PBXFileReference; lastKnownFileType = file.xib; name = Base; path = Base.lproj/LaunchScreen.xib; sourceTree = "<group>"; };
		ABA2EAB519F1520800002248 /* ParseFunctionalitiesTests.xctest */ = {isa = PBXFileReference; explicitFileType = wrapper.cfbundle; includeInIndex = 0; path = ParseFunctionalitiesTests.xctest; sourceTree = BUILT_PRODUCTS_DIR; };
		ABA2EABA19F1520800002248 /* Info.plist */ = {isa = PBXFileReference; lastKnownFileType = text.plist.xml; path = Info.plist; sourceTree = "<group>"; };
		ABA2EABB19F1520800002248 /* ParseFunctionalitiesTests.m */ = {isa = PBXFileReference; lastKnownFileType = sourcecode.c.objc; path = ParseFunctionalitiesTests.m; sourceTree = "<group>"; };
		ABA2EAC519F1522300002248 /* Parse.framework */ = {isa = PBXFileReference; lastKnownFileType = wrapper.framework; name = Parse.framework; path = ../Parse.framework; sourceTree = "<group>"; };
		ABA2EAC719F152A000002248 /* AudioToolbox.framework */ = {isa = PBXFileReference; lastKnownFileType = wrapper.framework; name = AudioToolbox.framework; path = System/Library/Frameworks/AudioToolbox.framework; sourceTree = SDKROOT; };
		ABA2EAC819F152A000002248 /* CFNetwork.framework */ = {isa = PBXFileReference; lastKnownFileType = wrapper.framework; name = CFNetwork.framework; path = System/Library/Frameworks/CFNetwork.framework; sourceTree = SDKROOT; };
		ABA2EAC919F152A000002248 /* CoreGraphics.framework */ = {isa = PBXFileReference; lastKnownFileType = wrapper.framework; name = CoreGraphics.framework; path = System/Library/Frameworks/CoreGraphics.framework; sourceTree = SDKROOT; };
		ABA2EACA19F152A000002248 /* CoreLocation.framework */ = {isa = PBXFileReference; lastKnownFileType = wrapper.framework; name = CoreLocation.framework; path = System/Library/Frameworks/CoreLocation.framework; sourceTree = SDKROOT; };
		ABA2EACB19F152A000002248 /* libz.dylib */ = {isa = PBXFileReference; lastKnownFileType = "compiled.mach-o.dylib"; name = libz.dylib; path = usr/lib/libz.dylib; sourceTree = SDKROOT; };
		ABA2EACC19F152A000002248 /* MobileCoreServices.framework */ = {isa = PBXFileReference; lastKnownFileType = wrapper.framework; name = MobileCoreServices.framework; path = System/Library/Frameworks/MobileCoreServices.framework; sourceTree = SDKROOT; };
		ABA2EACD19F152A000002248 /* QuartzCore.framework */ = {isa = PBXFileReference; lastKnownFileType = wrapper.framework; name = QuartzCore.framework; path = System/Library/Frameworks/QuartzCore.framework; sourceTree = SDKROOT; };
		ABA2EACE19F152A000002248 /* Security.framework */ = {isa = PBXFileReference; lastKnownFileType = wrapper.framework; name = Security.framework; path = System/Library/Frameworks/Security.framework; sourceTree = SDKROOT; };
		ABA2EACF19F152A000002248 /* StoreKit.framework */ = {isa = PBXFileReference; lastKnownFileType = wrapper.framework; name = StoreKit.framework; path = System/Library/Frameworks/StoreKit.framework; sourceTree = SDKROOT; };
		ABA2EAD019F152A000002248 /* SystemConfiguration.framework */ = {isa = PBXFileReference; lastKnownFileType = wrapper.framework; name = SystemConfiguration.framework; path = System/Library/Frameworks/SystemConfiguration.framework; sourceTree = SDKROOT; };
		ABA2EAE719F153D100002248 /* Bolts.framework */ = {isa = PBXFileReference; lastKnownFileType = wrapper.framework; path = Bolts.framework; sourceTree = "<group>"; };
		ABCC773919F1739300C94919 /* LoginViewController.h */ = {isa = PBXFileReference; fileEncoding = 4; lastKnownFileType = sourcecode.c.h; name = LoginViewController.h; path = ../LoginViewController.h; sourceTree = "<group>"; };
		ABCC773A19F1739300C94919 /* LoginViewController.m */ = {isa = PBXFileReference; fileEncoding = 4; lastKnownFileType = sourcecode.c.objc; name = LoginViewController.m; path = ../LoginViewController.m; sourceTree = "<group>"; };
		ABCC773C19F1815800C94919 /* SignUpViewController.h */ = {isa = PBXFileReference; fileEncoding = 4; lastKnownFileType = sourcecode.c.h; path = SignUpViewController.h; sourceTree = "<group>"; };
		ABCC773D19F1815800C94919 /* SignUpViewController.m */ = {isa = PBXFileReference; fileEncoding = 4; lastKnownFileType = sourcecode.c.objc; path = SignUpViewController.m; sourceTree = "<group>"; };
		ABCC773F19F1820800C94919 /* placeholder.png */ = {isa = PBXFileReference; lastKnownFileType = image.png; path = placeholder.png; sourceTree = "<group>"; };
/* End PBXFileReference section */

/* Begin PBXFrameworksBuildPhase section */
		ABA2EA9919F1520800002248 /* Frameworks */ = {
			isa = PBXFrameworksBuildPhase;
			buildActionMask = 2147483647;
			files = (
				ABA2EADC19F1531A00002248 /* AudioToolbox.framework in Frameworks */,
				ABA2EADD19F1531A00002248 /* CFNetwork.framework in Frameworks */,
				ABA2EADE19F1531A00002248 /* CoreGraphics.framework in Frameworks */,
				ABA2EAE819F153D100002248 /* Bolts.framework in Frameworks */,
				ABA2EADF19F1531A00002248 /* CoreLocation.framework in Frameworks */,
				ABA2EAE019F1531A00002248 /* libz.dylib in Frameworks */,
				ABA2EAE119F1531A00002248 /* MobileCoreServices.framework in Frameworks */,
				ABA2EAE219F1531A00002248 /* QuartzCore.framework in Frameworks */,
				ABA2EAE319F1531A00002248 /* Security.framework in Frameworks */,
				ABA2EAE419F1531A00002248 /* StoreKit.framework in Frameworks */,
				ABA2EAE519F1531A00002248 /* SystemConfiguration.framework in Frameworks */,
				ABA2EAE619F1531A00002248 /* Parse.framework in Frameworks */,
			);
			runOnlyForDeploymentPostprocessing = 0;
		};
		ABA2EAB219F1520800002248 /* Frameworks */ = {
			isa = PBXFrameworksBuildPhase;
			buildActionMask = 2147483647;
			files = (
			);
			runOnlyForDeploymentPostprocessing = 0;
		};
/* End PBXFrameworksBuildPhase section */

/* Begin PBXGroup section */
		ABA2EA9319F1520800002248 = {
			isa = PBXGroup;
			children = (
				ABA2EA9E19F1520800002248 /* ParseFunctionalities */,
				ABA2EAB819F1520800002248 /* ParseFunctionalitiesTests */,
				ABA2EA9D19F1520800002248 /* Products */,
			);
			sourceTree = "<group>";
		};
		ABA2EA9D19F1520800002248 /* Products */ = {
			isa = PBXGroup;
			children = (
				ABA2EA9C19F1520800002248 /* ParseFunctionalities.app */,
				ABA2EAB519F1520800002248 /* ParseFunctionalitiesTests.xctest */,
			);
			name = Products;
			sourceTree = "<group>";
		};
		ABA2EA9E19F1520800002248 /* ParseFunctionalities */ = {
			isa = PBXGroup;
			children = (
				ABA2EAA319F1520800002248 /* AppDelegate.h */,
				ABA2EAA419F1520800002248 /* AppDelegate.m */,
				ABA2EAA619F1520800002248 /* ViewController.h */,
				ABA2EAA719F1520800002248 /* ViewController.m */,
				ABCC773919F1739300C94919 /* LoginViewController.h */,
				ABCC773A19F1739300C94919 /* LoginViewController.m */,
				ABA2EAA919F1520800002248 /* Main.storyboard */,
				ABCC773C19F1815800C94919 /* SignUpViewController.h */,
				ABCC773D19F1815800C94919 /* SignUpViewController.m */,
				ABA2EAAC19F1520800002248 /* Images.xcassets */,
				ABA2EAAE19F1520800002248 /* LaunchScreen.xib */,
				ABA2EA9F19F1520800002248 /* Supporting Files */,
			);
			path = ParseFunctionalities;
			sourceTree = "<group>";
		};
		ABA2EA9F19F1520800002248 /* Supporting Files */ = {
			isa = PBXGroup;
			children = (
				ABCC773F19F1820800C94919 /* placeholder.png */,
				ABA2EAE719F153D100002248 /* Bolts.framework */,
				ABA2EAC719F152A000002248 /* AudioToolbox.framework */,
				ABA2EAC819F152A000002248 /* CFNetwork.framework */,
				ABA2EAC919F152A000002248 /* CoreGraphics.framework */,
				ABA2EACA19F152A000002248 /* CoreLocation.framework */,
				ABA2EACB19F152A000002248 /* libz.dylib */,
				ABA2EACC19F152A000002248 /* MobileCoreServices.framework */,
				ABA2EACD19F152A000002248 /* QuartzCore.framework */,
				ABA2EACE19F152A000002248 /* Security.framework */,
				ABA2EACF19F152A000002248 /* StoreKit.framework */,
				ABA2EAD019F152A000002248 /* SystemConfiguration.framework */,
				ABA2EAC519F1522300002248 /* Parse.framework */,
				ABA2EAA019F1520800002248 /* Info.plist */,
				ABA2EAA119F1520800002248 /* main.m */,
			);
			name = "Supporting Files";
			sourceTree = "<group>";
		};
		ABA2EAB819F1520800002248 /* ParseFunctionalitiesTests */ = {
			isa = PBXGroup;
			children = (
				ABA2EABB19F1520800002248 /* ParseFunctionalitiesTests.m */,
				ABA2EAB919F1520800002248 /* Supporting Files */,
			);
			path = ParseFunctionalitiesTests;
			sourceTree = "<group>";
		};
		ABA2EAB919F1520800002248 /* Supporting Files */ = {
			isa = PBXGroup;
			children = (
				ABA2EABA19F1520800002248 /* Info.plist */,
			);
			name = "Supporting Files";
			sourceTree = "<group>";
		};
/* End PBXGroup section */

/* Begin PBXNativeTarget section */
		ABA2EA9B19F1520800002248 /* ParseFunctionalities */ = {
			isa = PBXNativeTarget;
			buildConfigurationList = ABA2EABF19F1520800002248 /* Build configuration list for PBXNativeTarget "ParseFunctionalities" */;
			buildPhases = (
				ABA2EA9819F1520800002248 /* Sources */,
				ABA2EA9919F1520800002248 /* Frameworks */,
				ABA2EA9A19F1520800002248 /* Resources */,
			);
			buildRules = (
			);
			dependencies = (
			);
			name = ParseFunctionalities;
			productName = ParseFunctionalities;
			productReference = ABA2EA9C19F1520800002248 /* ParseFunctionalities.app */;
			productType = "com.apple.product-type.application";
		};
		ABA2EAB419F1520800002248 /* ParseFunctionalitiesTests */ = {
			isa = PBXNativeTarget;
			buildConfigurationList = ABA2EAC219F1520800002248 /* Build configuration list for PBXNativeTarget "ParseFunctionalitiesTests" */;
			buildPhases = (
				ABA2EAB119F1520800002248 /* Sources */,
				ABA2EAB219F1520800002248 /* Frameworks */,
				ABA2EAB319F1520800002248 /* Resources */,
			);
			buildRules = (
			);
			dependencies = (
				ABA2EAB719F1520800002248 /* PBXTargetDependency */,
			);
			name = ParseFunctionalitiesTests;
			productName = ParseFunctionalitiesTests;
			productReference = ABA2EAB519F1520800002248 /* ParseFunctionalitiesTests.xctest */;
			productType = "com.apple.product-type.bundle.unit-test";
		};
/* End PBXNativeTarget section */

/* Begin PBXProject section */
		ABA2EA9419F1520800002248 /* Project object */ = {
			isa = PBXProject;
			attributes = {
				LastUpgradeCheck = 0600;
				ORGANIZATIONNAME = FIU;
				TargetAttributes = {
					ABA2EA9B19F1520800002248 = {
						CreatedOnToolsVersion = 6.0.1;
					};
					ABA2EAB419F1520800002248 = {
						CreatedOnToolsVersion = 6.0.1;
						TestTargetID = ABA2EA9B19F1520800002248;
					};
				};
			};
			buildConfigurationList = ABA2EA9719F1520800002248 /* Build configuration list for PBXProject "ParseFunctionalities" */;
			compatibilityVersion = "Xcode 3.2";
			developmentRegion = English;
			hasScannedForEncodings = 0;
			knownRegions = (
				en,
				Base,
			);
			mainGroup = ABA2EA9319F1520800002248;
			productRefGroup = ABA2EA9D19F1520800002248 /* Products */;
			projectDirPath = "";
			projectRoot = "";
			targets = (
				ABA2EA9B19F1520800002248 /* ParseFunctionalities */,
				ABA2EAB419F1520800002248 /* ParseFunctionalitiesTests */,
			);
		};
/* End PBXProject section */

/* Begin PBXResourcesBuildPhase section */
		ABA2EA9A19F1520800002248 /* Resources */ = {
			isa = PBXResourcesBuildPhase;
			buildActionMask = 2147483647;
			files = (
				ABA2EAAB19F1520800002248 /* Main.storyboard in Resources */,
				ABCC774019F1820800C94919 /* placeholder.png in Resources */,
				ABA2EAB019F1520800002248 /* LaunchScreen.xib in Resources */,
				ABA2EAAD19F1520800002248 /* Images.xcassets in Resources */,
			);
			runOnlyForDeploymentPostprocessing = 0;
		};
		ABA2EAB319F1520800002248 /* Resources */ = {
			isa = PBXResourcesBuildPhase;
			buildActionMask = 2147483647;
			files = (
			);
			runOnlyForDeploymentPostprocessing = 0;
		};
/* End PBXResourcesBuildPhase section */

/* Begin PBXSourcesBuildPhase section */
		ABA2EA9819F1520800002248 /* Sources */ = {
			isa = PBXSourcesBuildPhase;
			buildActionMask = 2147483647;
			files = (
				ABCC773B19F1739300C94919 /* LoginViewController.m in Sources */,
				ABCC773E19F1815800C94919 /* SignUpViewController.m in Sources */,
				ABA2EAA819F1520800002248 /* ViewController.m in Sources */,
				ABA2EAA519F1520800002248 /* AppDelegate.m in Sources */,
				ABA2EAA219F1520800002248 /* main.m in Sources */,
			);
			runOnlyForDeploymentPostprocessing = 0;
		};
		ABA2EAB119F1520800002248 /* Sources */ = {
			isa = PBXSourcesBuildPhase;
			buildActionMask = 2147483647;
			files = (
				ABA2EABC19F1520800002248 /* ParseFunctionalitiesTests.m in Sources */,
			);
			runOnlyForDeploymentPostprocessing = 0;
		};
/* End PBXSourcesBuildPhase section */

/* Begin PBXTargetDependency section */
		ABA2EAB719F1520800002248 /* PBXTargetDependency */ = {
			isa = PBXTargetDependency;
			target = ABA2EA9B19F1520800002248 /* ParseFunctionalities */;
			targetProxy = ABA2EAB619F1520800002248 /* PBXContainerItemProxy */;
		};
/* End PBXTargetDependency section */

/* Begin PBXVariantGroup section */
		ABA2EAA919F1520800002248 /* Main.storyboard */ = {
			isa = PBXVariantGroup;
			children = (
				ABA2EAAA19F1520800002248 /* Base */,
			);
			name = Main.storyboard;
			sourceTree = "<group>";
		};
		ABA2EAAE19F1520800002248 /* LaunchScreen.xib */ = {
			isa = PBXVariantGroup;
			children = (
				ABA2EAAF19F1520800002248 /* Base */,
			);
			name = LaunchScreen.xib;
			sourceTree = "<group>";
		};
/* End PBXVariantGroup section */

/* Begin XCBuildConfiguration section */
		ABA2EABD19F1520800002248 /* Debug */ = {
			isa = XCBuildConfiguration;
			buildSettings = {
				ALWAYS_SEARCH_USER_PATHS = NO;
				CLANG_CXX_LANGUAGE_STANDARD = "gnu++0x";
				CLANG_CXX_LIBRARY = "libc++";
				CLANG_ENABLE_MODULES = YES;
				CLANG_ENABLE_OBJC_ARC = YES;
				CLANG_WARN_BOOL_CONVERSION = YES;
				CLANG_WARN_CONSTANT_CONVERSION = YES;
				CLANG_WARN_DIRECT_OBJC_ISA_USAGE = YES_ERROR;
				CLANG_WARN_EMPTY_BODY = YES;
				CLANG_WARN_ENUM_CONVERSION = YES;
				CLANG_WARN_INT_CONVERSION = YES;
				CLANG_WARN_OBJC_ROOT_CLASS = YES_ERROR;
				CLANG_WARN_UNREACHABLE_CODE = YES;
				CLANG_WARN__DUPLICATE_METHOD_MATCH = YES;
				"CODE_SIGN_IDENTITY[sdk=iphoneos*]" = "iPhone Developer";
				COPY_PHASE_STRIP = NO;
				ENABLE_STRICT_OBJC_MSGSEND = YES;
				GCC_C_LANGUAGE_STANDARD = gnu99;
				GCC_DYNAMIC_NO_PIC = NO;
				GCC_OPTIMIZATION_LEVEL = 0;
				GCC_PREPROCESSOR_DEFINITIONS = (
					"DEBUG=1",
					"$(inherited)",
				);
				GCC_SYMBOLS_PRIVATE_EXTERN = NO;
				GCC_WARN_64_TO_32_BIT_CONVERSION = YES;
				GCC_WARN_ABOUT_RETURN_TYPE = YES_ERROR;
				GCC_WARN_UNDECLARED_SELECTOR = YES;
				GCC_WARN_UNINITIALIZED_AUTOS = YES_AGGRESSIVE;
				GCC_WARN_UNUSED_FUNCTION = YES;
				GCC_WARN_UNUSED_VARIABLE = YES;
				IPHONEOS_DEPLOYMENT_TARGET = 8.0;
				MTL_ENABLE_DEBUG_INFO = YES;
				ONLY_ACTIVE_ARCH = YES;
				SDKROOT = iphoneos;
				TARGETED_DEVICE_FAMILY = "1,2";
			};
			name = Debug;
		};
		ABA2EABE19F1520800002248 /* Release */ = {
			isa = XCBuildConfiguration;
			buildSettings = {
				ALWAYS_SEARCH_USER_PATHS = NO;
				CLANG_CXX_LANGUAGE_STANDARD = "gnu++0x";
				CLANG_CXX_LIBRARY = "libc++";
				CLANG_ENABLE_MODULES = YES;
				CLANG_ENABLE_OBJC_ARC = YES;
				CLANG_WARN_BOOL_CONVERSION = YES;
				CLANG_WARN_CONSTANT_CONVERSION = YES;
				CLANG_WARN_DIRECT_OBJC_ISA_USAGE = YES_ERROR;
				CLANG_WARN_EMPTY_BODY = YES;
				CLANG_WARN_ENUM_CONVERSION = YES;
				CLANG_WARN_INT_CONVERSION = YES;
				CLANG_WARN_OBJC_ROOT_CLASS = YES_ERROR;
				CLANG_WARN_UNREACHABLE_CODE = YES;
				CLANG_WARN__DUPLICATE_METHOD_MATCH = YES;
				"CODE_SIGN_IDENTITY[sdk=iphoneos*]" = "iPhone Developer";
				COPY_PHASE_STRIP = YES;
				ENABLE_NS_ASSERTIONS = NO;
				ENABLE_STRICT_OBJC_MSGSEND = YES;
				GCC_C_LANGUAGE_STANDARD = gnu99;
				GCC_WARN_64_TO_32_BIT_CONVERSION = YES;
				GCC_WARN_ABOUT_RETURN_TYPE = YES_ERROR;
				GCC_WARN_UNDECLARED_SELECTOR = YES;
				GCC_WARN_UNINITIALIZED_AUTOS = YES_AGGRESSIVE;
				GCC_WARN_UNUSED_FUNCTION = YES;
				GCC_WARN_UNUSED_VARIABLE = YES;
				IPHONEOS_DEPLOYMENT_TARGET = 8.0;
				MTL_ENABLE_DEBUG_INFO = NO;
				SDKROOT = iphoneos;
				TARGETED_DEVICE_FAMILY = "1,2";
				VALIDATE_PRODUCT = YES;
			};
			name = Release;
		};
		ABA2EAC019F1520800002248 /* Debug */ = {
			isa = XCBuildConfiguration;
			buildSettings = {
				ASSETCATALOG_COMPILER_APPICON_NAME = AppIcon;
				FRAMEWORK_SEARCH_PATHS = (
					"$(inherited)",
					"$(PROJECT_DIR)",
					"$(PROJECT_DIR)/ParseFunctionalities",
				);
				INFOPLIST_FILE = ParseFunctionalities/Info.plist;
				LD_RUNPATH_SEARCH_PATHS = "$(inherited) @executable_path/Frameworks";
				PRODUCT_NAME = "$(TARGET_NAME)";
			};
			name = Debug;
		};
		ABA2EAC119F1520800002248 /* Release */ = {
			isa = XCBuildConfiguration;
			buildSettings = {
				ASSETCATALOG_COMPILER_APPICON_NAME = AppIcon;
				FRAMEWORK_SEARCH_PATHS = (
					"$(inherited)",
					"$(PROJECT_DIR)",
					"$(PROJECT_DIR)/ParseFunctionalities",
				);
				INFOPLIST_FILE = ParseFunctionalities/Info.plist;
				LD_RUNPATH_SEARCH_PATHS = "$(inherited) @executable_path/Frameworks";
				PRODUCT_NAME = "$(TARGET_NAME)";
			};
			name = Release;
		};
		ABA2EAC319F1520800002248 /* Debug */ = {
			isa = XCBuildConfiguration;
			buildSettings = {
				BUNDLE_LOADER = "$(TEST_HOST)";
				FRAMEWORK_SEARCH_PATHS = (
					"$(SDKROOT)/Developer/Library/Frameworks",
					"$(inherited)",
				);
				GCC_PREPROCESSOR_DEFINITIONS = (
					"DEBUG=1",
					"$(inherited)",
				);
				INFOPLIST_FILE = ParseFunctionalitiesTests/Info.plist;
				LD_RUNPATH_SEARCH_PATHS = "$(inherited) @executable_path/Frameworks @loader_path/Frameworks";
				PRODUCT_NAME = "$(TARGET_NAME)";
				TEST_HOST = "$(BUILT_PRODUCTS_DIR)/ParseFunctionalities.app/ParseFunctionalities";
			};
			name = Debug;
		};
		ABA2EAC419F1520800002248 /* Release */ = {
			isa = XCBuildConfiguration;
			buildSettings = {
				BUNDLE_LOADER = "$(TEST_HOST)";
				FRAMEWORK_SEARCH_PATHS = (
					"$(SDKROOT)/Developer/Library/Frameworks",
					"$(inherited)",
				);
				INFOPLIST_FILE = ParseFunctionalitiesTests/Info.plist;
				LD_RUNPATH_SEARCH_PATHS = "$(inherited) @executable_path/Frameworks @loader_path/Frameworks";
				PRODUCT_NAME = "$(TARGET_NAME)";
				TEST_HOST = "$(BUILT_PRODUCTS_DIR)/ParseFunctionalities.app/ParseFunctionalities";
			};
			name = Release;
		};
/* End XCBuildConfiguration section */

/* Begin XCConfigurationList section */
		ABA2EA9719F1520800002248 /* Build configuration list for PBXProject "ParseFunctionalities" */ = {
			isa = XCConfigurationList;
			buildConfigurations = (
				ABA2EABD19F1520800002248 /* Debug */,
				ABA2EABE19F1520800002248 /* Release */,
			);
			defaultConfigurationIsVisible = 0;
			defaultConfigurationName = Release;
		};
		ABA2EABF19F1520800002248 /* Build configuration list for PBXNativeTarget "ParseFunctionalities" */ = {
			isa = XCConfigurationList;
			buildConfigurations = (
				ABA2EAC019F1520800002248 /* Debug */,
				ABA2EAC119F1520800002248 /* Release */,
			);
			defaultConfigurationIsVisible = 0;
			defaultConfigurationName = Release;
		};
		ABA2EAC219F1520800002248 /* Build configuration list for PBXNativeTarget "ParseFunctionalitiesTests" */ = {
			isa = XCConfigurationList;
			buildConfigurations = (
				ABA2EAC319F1520800002248 /* Debug */,
				ABA2EAC419F1520800002248 /* Release */,
			);
			defaultConfigurationIsVisible = 0;
			defaultConfigurationName = Release;
		};
/* End XCConfigurationList section */
	};
	rootObject = ABA2EA9419F1520800002248 /* Project object */;
}
